hash: f9d8b64ab5e46d25b3ee7a894e1d5902dc2c25744dbce0299dc6ab5ecda448b8
updated: 2016-10-21T11:50:03.871063568+02:00
imports:
- name: github.com/boltdb/bolt
  version: 074dffcc83e9f421e261526d297cd93f22a34080
- name: github.com/gogo/protobuf
  version: 50d1bd39ce4e7a96b75e3e040be9caf79dbb4c61
  subpackages:
  - proto
- name: github.com/golang/glog
  version: 23def4e6c14b4da8ac2ed8007337bc5eb5007998
- name: github.com/golang/protobuf
  version: 98fa357170587e470c5f27d3c3ea0947b71eb455
  subpackages:
  - proto
- name: github.com/nu7hatch/gouuid
  version: 179d4d0c4d8d407a32af483c2354df1d2c91e6c3
- name: golang.org/x/net
  version: daba796358cd2742b75aae05761f1b898c9f6a5c
  subpackages:
  - context
  - http2
  - http2/hpack
  - idna
  - internal/timeseries
  - lex/httplex
  - trace
- name: golang.org/x/sys
  version: 002cbb5f952456d0c50e0d2aff17ea5eca716979
  subpackages:
  - unix
- name: google.golang.org/grpc
  version: 2b7e876a2eb64e93cb8140f497d3ea9d8882279c
  subpackages:
  - codes
  - credentials
  - grpclog
  - internal
  - metadata
  - naming
  - peer
  - transport
- name: k8s.io/kubernetes
  version: 64d20455149b149ee79cf60fd3191c9bc48a0645
  repo: git@github.com:kubernetes/kubernetes.git
  vcs: git
  subpackages:
  - api/v1alpha/runtime
  - pkg/kubelet/api/v1alpha1/runtime
testImports: []
