hash: f9d8b64ab5e46d25b3ee7a894e1d5902dc2c25744dbce0299dc6ab5ecda448b8
updated: 2016-09-13T18:08:21.173355425+02:00
imports:
- name: github.com/coreos/etcd
  version: e6a7f2506519f462234a69d170993cfa409f4feb
  subpackages:
  - client
  - pkg/pathutil
  - pkg/types
- name: github.com/gogo/protobuf
  version: 966a6f4b3274f2692aa2f30df2ea5c7172c832ca
  subpackages:
  - proto
- name: github.com/golang/glog
  version: 23def4e6c14b4da8ac2ed8007337bc5eb5007998
- name: github.com/golang/protobuf
  version: 888eb0692c857ec880338addf316bd662d5e630e
  subpackages:
  - proto
- name: github.com/nu7hatch/gouuid
  version: 179d4d0c4d8d407a32af483c2354df1d2c91e6c3
- name: github.com/ugorji/go
  version: 98ef79d6c615fa258e892ed0b11c6e013712693e
  subpackages:
  - codec
- name: golang.org/x/net
  version: 6c89f9617983ee917132513a791d8b5850fe90c5
  subpackages:
  - context
  - http2
  - http2/hpack
  - internal/timeseries
  - lex/httplex
  - trace
- name: google.golang.org/grpc
  version: 0032a855ba5c8a3c8e0d71c2deef354b70af1584
  subpackages:
  - codes
  - credentials
  - grpclog
  - internal
  - metadata
  - naming
  - peer
  - transport
- name: k8s.io/kubernetes
  version: ac8aae584d3fd1f14398e1ede499b568e9993068
  repo: git@github.com:kubernetes/kubernetes.git
  vcs: git
  subpackages:
  - api/v1alpha/runtime
  - pkg/kubelet/api/v1alpha1/runtime
testImports: []
